
Microsoft Visual Studio Solution File, Format Version 12.00
# Visual Studio 15
VisualStudioVersion = 15.0.28307.271
MinimumVisualStudioVersion = 10.0.40219.1
Project("{FAE04EC0-301F-11D3-BF4B-00C04F79EFBC}") = "Bank", "Bank\Bank.csproj", "{544C4F9D-F0FB-4D65-96A7-5CBD25BEDAD2}"
EndProject
Project("{FAE04EC0-301F-11D3-BF4B-00C04F79EFBC}") = "BankTest", "BankTest\BankTest.csproj", "{E404E8C4-74FF-4269-9311-9CD7A04B1357}"
EndProject
Global
	GlobalSection(SolutionConfigurationPlatforms) = preSolution
		Debug|Any CPU = Debug|Any CPU
		Release|Any CPU = Release|Any CPU
	EndGlobalSection
	GlobalSection(ProjectConfigurationPlatforms) = postSolution
		{544C4F9D-F0FB-4D65-96A7-5CBD25BEDAD2}.Debug|Any CPU.ActiveCfg = Debug|Any CPU
		{544C4F9D-F0FB-4D65-96A7-5CBD25BEDAD2}.Debug|Any CPU.Build.0 = Debug|Any CPU
		{544C4F9D-F0FB-4D65-96A7-5CBD25BEDAD2}.Release|Any CPU.ActiveCfg = Release|Any CPU
		{544C4F9D-F0FB-4D65-96A7-5CBD25BEDAD2}.Release|Any CPU.Build.0 = Release|Any CPU
		{E404E8C4-74FF-4269-9311-9CD7A04B1357}.Debug|Any CPU.ActiveCfg = Debug|Any CPU
		{E404E8C4-74FF-4269-9311-9CD7A04B1357}.Debug|Any CPU.Build.0 = Debug|Any CPU
		{E404E8C4-74FF-4269-9311-9CD7A04B1357}.Release|Any CPU.ActiveCfg = Release|Any CPU
		{E404E8C4-74FF-4269-9311-9CD7A04B1357}.Release|Any CPU.Build.0 = Release|Any CPU
	EndGlobalSection
	GlobalSection(SolutionProperties) = preSolution
		HideSolutionNode = FALSE
	EndGlobalSection
	GlobalSection(ExtensibilityGlobals) = postSolution
		SolutionGuid = {BFBC418F-A985-4AD2-93EC-DD3E3F5906A5}
	EndGlobalSection
EndGlobal
